
Microsoft Visual Studio Solution File, Format Version 12.00
# Visual Studio Version 16
VisualStudioVersion = 16.0.32901.82
MinimumVisualStudioVersion = 10.0.40219.1
Project("{FAE04EC0-301F-11D3-BF4B-00C04F79EFBC}") = "CSharpLearning", "CSharpLearning\CSharpLearning.csproj", "{668904A1-EBE2-4BF8-B473-2F32C27420FF}"
EndProject
Global
	GlobalSection(SolutionConfigurationPlatforms) = preSolution
		Debug|Any CPU = Debug|Any CPU
		Release|Any CPU = Release|Any CPU
	EndGlobalSection
	GlobalSection(ProjectConfigurationPlatforms) = postSolution
		{668904A1-EBE2-4BF8-B473-2F32C27420FF}.Debug|Any CPU.ActiveCfg = Debug|Any CPU
		{668904A1-EBE2-4BF8-B473-2F32C27420FF}.Debug|Any CPU.Build.0 = Debug|Any CPU
		{668904A1-EBE2-4BF8-B473-2F32C27420FF}.Release|Any CPU.ActiveCfg = Release|Any CPU
		{668904A1-EBE2-4BF8-B473-2F32C27420FF}.Release|Any CPU.Build.0 = Release|Any CPU
	EndGlobalSection
	GlobalSection(SolutionProperties) = preSolution
		HideSolutionNode = FALSE
	EndGlobalSection
	GlobalSection(ExtensibilityGlobals) = postSolution
		SolutionGuid = {33B1E2E2-8DC2-4F11-BF2D-146B273AEC66}
	EndGlobalSection
EndGlobal
